
Microsoft Visual Studio Solution File, Format Version 12.00
# Visual Studio Version 16
VisualStudioVersion = 16.0.32929.386
MinimumVisualStudioVersion = 10.0.40219.1
Project("{FAE04EC0-301F-11D3-BF4B-00C04F79EFBC}") = "People.Api", "People.Api.csproj", "{0AC1AD4D-D0F6-4A80-A223-BF55B5DA8AC4}"
EndProject
Global
	GlobalSection(SolutionConfigurationPlatforms) = preSolution
		Debug|Any CPU = Debug|Any CPU
		Release|Any CPU = Release|Any CPU
	EndGlobalSection
	GlobalSection(ProjectConfigurationPlatforms) = postSolution
		{0AC1AD4D-D0F6-4A80-A223-BF55B5DA8AC4}.Debug|Any CPU.ActiveCfg = Debug|Any CPU
		{0AC1AD4D-D0F6-4A80-A223-BF55B5DA8AC4}.Debug|Any CPU.Build.0 = Debug|Any CPU
		{0AC1AD4D-D0F6-4A80-A223-BF55B5DA8AC4}.Release|Any CPU.ActiveCfg = Release|Any CPU
		{0AC1AD4D-D0F6-4A80-A223-BF55B5DA8AC4}.Release|Any CPU.Build.0 = Release|Any CPU
	EndGlobalSection
	GlobalSection(SolutionProperties) = preSolution
		HideSolutionNode = FALSE
	EndGlobalSection
	GlobalSection(ExtensibilityGlobals) = postSolution
		SolutionGuid = {E88D8AC0-34F9-4506-B742-B7569E9F24DB}
	EndGlobalSection
EndGlobal
